
Microsoft Visual Studio Solution File, Format Version 12.00
# Visual Studio Version 17
VisualStudioVersion = 17.4.33213.308
MinimumVisualStudioVersion = 10.0.40219.1
Project("{FAE04EC0-301F-11D3-BF4B-00C04F79EFBC}") = "nali", "nali\nali.csproj", "{744AED1F-6206-4FFC-8FD6-E051C86DF827}"
EndProject
Global
	GlobalSection(SolutionConfigurationPlatforms) = preSolution
		Debug|Any CPU = Debug|Any CPU
		Release|Any CPU = Release|Any CPU
	EndGlobalSection
	GlobalSection(ProjectConfigurationPlatforms) = postSolution
		{744AED1F-6206-4FFC-8FD6-E051C86DF827}.Debug|Any CPU.ActiveCfg = Debug|Any CPU
		{744AED1F-6206-4FFC-8FD6-E051C86DF827}.Debug|Any CPU.Build.0 = Debug|Any CPU
		{744AED1F-6206-4FFC-8FD6-E051C86DF827}.Release|Any CPU.ActiveCfg = Release|Any CPU
		{744AED1F-6206-4FFC-8FD6-E051C86DF827}.Release|Any CPU.Build.0 = Release|Any CPU
	EndGlobalSection
	GlobalSection(SolutionProperties) = preSolution
		HideSolutionNode = FALSE
	EndGlobalSection
	GlobalSection(ExtensibilityGlobals) = postSolution
		SolutionGuid = {616C9990-AA56-433F-A6B9-91F2B30889FC}
	EndGlobalSection
EndGlobal
